
Microsoft Visual Studio Solution File, Format Version 12.00
# Visual Studio Version 17
VisualStudioVersion = 17.8.34330.188
MinimumVisualStudioVersion = 10.0.40219.1
Project("{8BC9CEB8-8B4A-11D0-8D11-00A0C91BC942}") = "mp", "mp\mp.vcxproj", "{700FFF72-9B51-43B6-8116-EE3755BEF483}"
EndProject
Global
	GlobalSection(SolutionConfigurationPlatforms) = preSolution
		Debug|x64 = Debug|x64
		Debug|x86 = Debug|x86
		Release|x64 = Release|x64
		Release|x86 = Release|x86
	EndGlobalSection
	GlobalSection(ProjectConfigurationPlatforms) = postSolution
		{700FFF72-9B51-43B6-8116-EE3755BEF483}.Debug|x64.ActiveCfg = Debug|x64
		{700FFF72-9B51-43B6-8116-EE3755BEF483}.Debug|x64.Build.0 = Debug|x64
		{700FFF72-9B51-43B6-8116-EE3755BEF483}.Debug|x86.ActiveCfg = Debug|Win32
		{700FFF72-9B51-43B6-8116-EE3755BEF483}.Debug|x86.Build.0 = Debug|Win32
		{700FFF72-9B51-43B6-8116-EE3755BEF483}.Release|x64.ActiveCfg = Release|x64
		{700FFF72-9B51-43B6-8116-EE3755BEF483}.Release|x64.Build.0 = Release|x64
		{700FFF72-9B51-43B6-8116-EE3755BEF483}.Release|x86.ActiveCfg = Release|Win32
		{700FFF72-9B51-43B6-8116-EE3755BEF483}.Release|x86.Build.0 = Release|Win32
	EndGlobalSection
	GlobalSection(SolutionProperties) = preSolution
		HideSolutionNode = FALSE
	EndGlobalSection
	GlobalSection(ExtensibilityGlobals) = postSolution
		SolutionGuid = {E57635F1-6313-4215-8527-3F3BE4905FC3}
	EndGlobalSection
EndGlobal
